# THIS IS AN AUTOGENERATED FILE. DO NOT EDIT THIS FILE DIRECTLY.
# yarn lockfile v1


"@kespa/test-private-module@^1.0.1":
  version "1.0.1"
  resolved "https://registry.npmjs.org/@kespa/test-private-module/-/test-private-module-1.0.1.tgz#354ea23f79894f5ba1123d78e1acf7c2e3bb4d6b"
  integrity sha512-Q5eNZSJrz/+dIsNrl7J79zA8ze/mYemOexxN5THbrlRP60SiAzRyLT2ajMMZZDdh1IdObXkNylYhIA0V7R8NvQ==
